
Microsoft Visual Studio Solution File, Format Version 12.00
# Visual Studio Version 16
VisualStudioVersion = 16.0.30907.101
MinimumVisualStudioVersion = 10.0.40219.1
Project("{FAE04EC0-301F-11D3-BF4B-00C04F79EFBC}") = "OppAnimal", "OppAnimal\OppAnimal.csproj", "{01EF1543-9824-4F42-9135-CA73A3BDC007}"
EndProject
Global
	GlobalSection(SolutionConfigurationPlatforms) = preSolution
		Debug|Any CPU = Debug|Any CPU
		Release|Any CPU = Release|Any CPU
	EndGlobalSection
	GlobalSection(ProjectConfigurationPlatforms) = postSolution
		{01EF1543-9824-4F42-9135-CA73A3BDC007}.Debug|Any CPU.ActiveCfg = Debug|Any CPU
		{01EF1543-9824-4F42-9135-CA73A3BDC007}.Debug|Any CPU.Build.0 = Debug|Any CPU
		{01EF1543-9824-4F42-9135-CA73A3BDC007}.Release|Any CPU.ActiveCfg = Release|Any CPU
		{01EF1543-9824-4F42-9135-CA73A3BDC007}.Release|Any CPU.Build.0 = Release|Any CPU
	EndGlobalSection
	GlobalSection(SolutionProperties) = preSolution
		HideSolutionNode = FALSE
	EndGlobalSection
	GlobalSection(ExtensibilityGlobals) = postSolution
		SolutionGuid = {75D88E9A-B6C0-40DC-AB70-25EF5047B686}
	EndGlobalSection
EndGlobal
